
Microsoft Visual Studio Solution File, Format Version 12.00
# Visual Studio Version 17
VisualStudioVersion = 17.10.34928.147
MinimumVisualStudioVersion = 10.0.40219.1
Project("{FAE04EC0-301F-11D3-BF4B-00C04F79EFBC}") = "ConsoleApp3", "ConsoleApp3\ConsoleApp3.csproj", "{3F47654C-37E9-4AFF-9621-507293EE3454}"
EndProject
Global
	GlobalSection(SolutionConfigurationPlatforms) = preSolution
		Debug|Any CPU = Debug|Any CPU
		Release|Any CPU = Release|Any CPU
	EndGlobalSection
	GlobalSection(ProjectConfigurationPlatforms) = postSolution
		{3F47654C-37E9-4AFF-9621-507293EE3454}.Debug|Any CPU.ActiveCfg = Debug|Any CPU
		{3F47654C-37E9-4AFF-9621-507293EE3454}.Debug|Any CPU.Build.0 = Debug|Any CPU
		{3F47654C-37E9-4AFF-9621-507293EE3454}.Release|Any CPU.ActiveCfg = Release|Any CPU
		{3F47654C-37E9-4AFF-9621-507293EE3454}.Release|Any CPU.Build.0 = Release|Any CPU
	EndGlobalSection
	GlobalSection(SolutionProperties) = preSolution
		HideSolutionNode = FALSE
	EndGlobalSection
	GlobalSection(ExtensibilityGlobals) = postSolution
		SolutionGuid = {87E5EA52-29E7-4B3F-860F-E2AF62437140}
	EndGlobalSection
EndGlobal
